# THIS IS AN AUTOGENERATED FILE. DO NOT EDIT THIS FILE DIRECTLY.
# yarn lockfile v1


nan@^2.14.0, nan@^2.17.0:
  version "2.17.0"
  resolved "https://registry.yarnpkg.com/nan/-/nan-2.17.0.tgz#c0150a2368a182f033e9aa5195ec76ea41a199cb"
  integrity sha512-2ZTgtl0nJsO0KQCjEpxcIr5D+Yv90plTitZt9JBfQvVJDS5seMl3FOvsh3+9CoYWXf/1l5OaZzzF6nDm4cagaQ==

prettier@2.8.8:
  version "2.8.8"
  resolved "https://registry.yarnpkg.com/prettier/-/prettier-2.8.8.tgz#e8c5d7e98a4305ffe3de2e1fc4aca1a71c28b1da"
  integrity sha512-tdN8qQGvNjw4CHbY+XXk0JgCXn9QiF21a55rBe5LJAU+kDyC4WQn4+awm2Xfk2lQMk5fKup9XgzTZtGkjBdP9Q==

tree-sitter-cli@^0.20.8:
  version "0.20.8"
  resolved "https://registry.yarnpkg.com/tree-sitter-cli/-/tree-sitter-cli-0.20.8.tgz#06a81cea8d6d82f93d67eed7d28b6bc04a4a8916"
  integrity sha512-XjTcS3wdTy/2cc/ptMLc/WRyOLECRYcMTrSWyhZnj1oGSOWbHLTklgsgRICU3cPfb0vy+oZCC33M43u6R1HSCA==

tree-sitter-rust@^0.20.3:
  version "0.20.3"
  resolved "https://registry.yarnpkg.com/tree-sitter-rust/-/tree-sitter-rust-0.20.3.tgz#73b17f459edf9e33dae4f05b7b5c6c52f8be55a6"
  integrity sha512-4vxGItiROVLRm59hG0ykgURQOMNC/Lv2tuEr/BcRNnz09Y5QgFHq9a/OvfRG/qMI98zDvLdbY1nqQtXk/qw6ww==
  dependencies:
    nan "^2.14.0"
